<?xml version="1.0" encoding="utf-8"?>
<Project ToolsVersion="4.0" xmlns="http://schemas.microsoft.com/developer/msbuild/2003">
  <ItemGroup>
    <Filter Include="Source Files">
      <UniqueIdentifier>{4FC737F1-C7A5-4376-A066-2A32D752A2FF}</UniqueIdentifier>
      <Extensions>cpp;c;cc;cxx;def;odl;idl;hpj;bat;asm;asmx</Extensions>
    </Filter>
    <Filter Include="Header Files">
      <UniqueIdentifier>{93995380-89BD-4b04-88EB-625FBE52EBFB}</UniqueIdentifier>
      <Extensions>h;hh;hpp;hxx;hm;inl;inc;ipp;xsd</Extensions>
    </Filter>
    <Filter Include="Resource Files">
      <UniqueIdentifier>{67DA6AB6-F800-4c08-8B7A-83BB121AAD01}</UniqueIdentifier>
      <Extensions>rc;ico;cur;bmp;dlg;rc2;rct;bin;rgs;gif;jpg;jpeg;jpe;resx;tiff;tif;png;wav;mfcribbon-ms</Extensions>
    </Filter>
    <Filter Include="renderer">
      <UniqueIdentifier>{1a146f86-f470-4de2-ad87-3421267b71b3}</UniqueIdentifier>
    </Filter>
    <Filter Include="core">
      <UniqueIdentifier>{0b93c87a-b605-492f-92ac-e56c6381d6d7}</UniqueIdentifier>
    </Filter>
    <Filter Include="graphics">
      <UniqueIdentifier>{61fb2929-331e-4132-8399-1ec655c9d0e5}</UniqueIdentifier>
    </Filter>
    <Filter Include="math">
      <UniqueIdentifier>{91444ca0-73fc-4522-a2c0-b4784114b4ea}</UniqueIdentifier>
    </Filter>
    <Filter Include="input">
      <UniqueIdentifier>{ebf426a2-eff2-4b9f-9e4b-341ed03357c6}</UniqueIdentifier>
    </Filter>
    <Filter Include="shader">
      <UniqueIdentifier>{70ec198e-15c8-432e-acce-cd4d491387f9}</UniqueIdentifier>
    </Filter>
  </ItemGroup>
  <ItemGroup>
    <ClCompile Include="..\renderer\BGFXGpuProgram.cpp">
      <Filter>renderer</Filter>
    </ClCompile>
    <ClCompile Include="..\renderer\BGFXIndexBuffer.cpp">
      <Filter>renderer</Filter>
    </ClCompile>
    <ClCompile Include="..\renderer\BGFXRenderer.cpp">
      <Filter>renderer</Filter>
    </ClCompile>
    <ClCompile Include="..\renderer\BGFXUniform.cpp">
      <Filter>renderer</Filter>
    </ClCompile>
    <ClCompile Include="..\renderer\BGFXVertexBuffer.cpp">
      <Filter>renderer</Filter>
    </ClCompile>
    <ClCompile Include="..\renderer\GeometryBuffer.cpp">
      <Filter>renderer</Filter>
    </ClCompile>
    <ClCompile Include="..\renderer\MemoryBuffer.cpp">
      <Filter>renderer</Filter>
    </ClCompile>
    <ClCompile Include="..\core\Logger.cpp">
      <Filter>core</Filter>
    </ClCompile>
    <ClCompile Include="main.cpp">
      <Filter>Source Files</Filter>
    </ClCompile>
    <ClCompile Include="..\core\PlatformGLFW.cpp">
      <Filter>core</Filter>
    </ClCompile>
    <ClCompile Include="..\graphics\VertexFormat.cpp">
      <Filter>graphics</Filter>
    </ClCompile>
    <ClCompile Include="..\math\Vector2.cpp">
      <Filter>math</Filter>
    </ClCompile>
    <ClCompile Include="..\math\Vector3.cpp">
      <Filter>math</Filter>
    </ClCompile>
    <ClCompile Include="..\math\Vector4.cpp">
      <Filter>math</Filter>
    </ClCompile>
    <ClCompile Include="..\shader\brtshaderc.cpp">
      <Filter>shader</Filter>
    </ClCompile>
  </ItemGroup>
  <ItemGroup>
    <ClInclude Include="..\renderer\BGFXGpuProgram.h">
      <Filter>renderer</Filter>
    </ClInclude>
    <ClInclude Include="..\renderer\BGFXIndexBuffer.h">
      <Filter>renderer</Filter>
    </ClInclude>
    <ClInclude Include="..\renderer\BGFXRenderer.h">
      <Filter>renderer</Filter>
    </ClInclude>
    <ClInclude Include="..\renderer\BGFXUniform.h">
      <Filter>renderer</Filter>
    </ClInclude>
    <ClInclude Include="..\renderer\BGFXVertexBuffer.h">
      <Filter>renderer</Filter>
    </ClInclude>
    <ClInclude Include="..\renderer\GeometryBuffer.h">
      <Filter>renderer</Filter>
    </ClInclude>
    <ClInclude Include="..\renderer\MemoryBuffer.h">
      <Filter>renderer</Filter>
    </ClInclude>
    <ClInclude Include="..\renderer\Renderer.h">
      <Filter>renderer</Filter>
    </ClInclude>
    <ClInclude Include="..\core\Base.h">
      <Filter>core</Filter>
    </ClInclude>
    <ClInclude Include="..\core\Logger.h">
      <Filter>core</Filter>
    </ClInclude>
    <ClInclude Include="..\core\Platform.h">
      <Filter>core</Filter>
    </ClInclude>
    <ClInclude Include="..\graphics\VertexFormat.h">
      <Filter>graphics</Filter>
    </ClInclude>
    <ClInclude Include="..\math\Vector2.h">
      <Filter>math</Filter>
    </ClInclude>
    <ClInclude Include="..\math\Vector3.h">
      <Filter>math</Filter>
    </ClInclude>
    <ClInclude Include="..\math\Vector4.h">
      <Filter>math</Filter>
    </ClInclude>
    <ClInclude Include="..\math\MathUtil.h">
      <Filter>math</Filter>
    </ClInclude>
    <ClInclude Include="..\input\Keyboard.h">
      <Filter>input</Filter>
    </ClInclude>
    <ClInclude Include="..\input\Mouse.h">
      <Filter>input</Filter>
    </ClInclude>
    <ClInclude Include="..\input\Touch.h">
      <Filter>input</Filter>
    </ClInclude>
    <ClInclude Include="..\shader\brtshaderc.h">
      <Filter>shader</Filter>
    </ClInclude>
  </ItemGroup>
  <ItemGroup>
    <None Include="..\math\Vector2.inl">
      <Filter>math</Filter>
    </None>
    <None Include="..\math\Vector3.inl">
      <Filter>math</Filter>
    </None>
    <None Include="..\math\Vector4.inl">
      <Filter>math</Filter>
    </None>
    <None Include="..\math\MathUtil.inl">
      <Filter>math</Filter>
    </None>
    <None Include="..\math\MathUtilNeon.inl">
      <Filter>math</Filter>
    </None>
  </ItemGroup>
</Project>